
Microsoft Visual Studio Solution File, Format Version 12.00
# Visual Studio Version 17
VisualStudioVersion = 17.4.33403.182
MinimumVisualStudioVersion = 10.0.40219.1
Project("{FAE04EC0-301F-11D3-BF4B-00C04F79EFBC}") = "StateCity", "StateCity\StateCity.csproj", "{C81769C0-862B-46F8-A1ED-78291CD0B594}"
EndProject
Global
	GlobalSection(SolutionConfigurationPlatforms) = preSolution
		Debug|Any CPU = Debug|Any CPU
		Release|Any CPU = Release|Any CPU
	EndGlobalSection
	GlobalSection(ProjectConfigurationPlatforms) = postSolution
		{C81769C0-862B-46F8-A1ED-78291CD0B594}.Debug|Any CPU.ActiveCfg = Debug|Any CPU
		{C81769C0-862B-46F8-A1ED-78291CD0B594}.Debug|Any CPU.Build.0 = Debug|Any CPU
		{C81769C0-862B-46F8-A1ED-78291CD0B594}.Release|Any CPU.ActiveCfg = Release|Any CPU
		{C81769C0-862B-46F8-A1ED-78291CD0B594}.Release|Any CPU.Build.0 = Release|Any CPU
	EndGlobalSection
	GlobalSection(SolutionProperties) = preSolution
		HideSolutionNode = FALSE
	EndGlobalSection
	GlobalSection(ExtensibilityGlobals) = postSolution
		SolutionGuid = {145A6A0F-DE52-43AD-80C3-CE5147B4CD87}
	EndGlobalSection
EndGlobal
